
Microsoft Visual Studio Solution File, Format Version 12.00
Project("{FAE04EC0-301F-11D3-BF4B-00C04F79EFBC}") = "HelloWorldIndicator", "HelloWorldIndicator\HelloWorldIndicator.csproj", "{D61CDA73-8E40-481E-A783-0F069C9462FD}"
EndProject
Global
	GlobalSection(SolutionConfigurationPlatforms) = preSolution
		Debug|Any CPU = Debug|Any CPU
		Release|Any CPU = Release|Any CPU
	EndGlobalSection
	GlobalSection(ProjectConfigurationPlatforms) = postSolution
		{D61CDA73-8E40-481E-A783-0F069C9462FD}.Debug|Any CPU.ActiveCfg = Debug|Any CPU
		{D61CDA73-8E40-481E-A783-0F069C9462FD}.Debug|Any CPU.Build.0 = Debug|Any CPU
		{D61CDA73-8E40-481E-A783-0F069C9462FD}.Release|Any CPU.ActiveCfg = Release|Any CPU
		{D61CDA73-8E40-481E-A783-0F069C9462FD}.Release|Any CPU.Build.0 = Release|Any CPU
	EndGlobalSection
EndGlobal
